
Microsoft Visual Studio Solution File, Format Version 12.00
# Visual Studio Version 16
VisualStudioVersion = 16.0.31205.134
MinimumVisualStudioVersion = 10.0.40219.1
Project("{FAE04EC0-301F-11D3-BF4B-00C04F79EFBC}") = "JAWS", "JAWS.csproj", "{CFA18662-FDAC-4C66-AC9B-605522243D11}"
EndProject
Global
	GlobalSection(SolutionConfigurationPlatforms) = preSolution
		Debug|Any CPU = Debug|Any CPU
		Release|Any CPU = Release|Any CPU
	EndGlobalSection
	GlobalSection(ProjectConfigurationPlatforms) = postSolution
		{CFA18662-FDAC-4C66-AC9B-605522243D11}.Debug|Any CPU.ActiveCfg = Debug|Any CPU
		{CFA18662-FDAC-4C66-AC9B-605522243D11}.Debug|Any CPU.Build.0 = Debug|Any CPU
		{CFA18662-FDAC-4C66-AC9B-605522243D11}.Release|Any CPU.ActiveCfg = Release|Any CPU
		{CFA18662-FDAC-4C66-AC9B-605522243D11}.Release|Any CPU.Build.0 = Release|Any CPU
	EndGlobalSection
	GlobalSection(SolutionProperties) = preSolution
		HideSolutionNode = FALSE
	EndGlobalSection
	GlobalSection(ExtensibilityGlobals) = postSolution
		SolutionGuid = {921D328F-F25D-43FD-8B9A-5B84314676CA}
	EndGlobalSection
EndGlobal
