
Microsoft Visual Studio Solution File, Format Version 12.00
# Visual Studio Version 16
VisualStudioVersion = 16.0.31205.134
MinimumVisualStudioVersion = 10.0.40219.1
Project("{FAE04EC0-301F-11D3-BF4B-00C04F79EFBC}") = "JAWS", "JAWS.csproj", "{7B20DB19-19A7-4CF0-B8B2-56A323AC21E4}"
EndProject
Global
	GlobalSection(SolutionConfigurationPlatforms) = preSolution
		Debug|Any CPU = Debug|Any CPU
		Release|Any CPU = Release|Any CPU
	EndGlobalSection
	GlobalSection(ProjectConfigurationPlatforms) = postSolution
		{7B20DB19-19A7-4CF0-B8B2-56A323AC21E4}.Debug|Any CPU.ActiveCfg = Debug|Any CPU
		{7B20DB19-19A7-4CF0-B8B2-56A323AC21E4}.Debug|Any CPU.Build.0 = Debug|Any CPU
		{7B20DB19-19A7-4CF0-B8B2-56A323AC21E4}.Release|Any CPU.ActiveCfg = Release|Any CPU
		{7B20DB19-19A7-4CF0-B8B2-56A323AC21E4}.Release|Any CPU.Build.0 = Release|Any CPU
	EndGlobalSection
	GlobalSection(SolutionProperties) = preSolution
		HideSolutionNode = FALSE
	EndGlobalSection
	GlobalSection(ExtensibilityGlobals) = postSolution
		SolutionGuid = {9050EFDD-7619-4BAB-8B14-162CF6B88ED4}
	EndGlobalSection
EndGlobal
